
Microsoft Visual Studio Solution File, Format Version 12.00
# Visual Studio Version 16
VisualStudioVersion = 16.0.31624.102
MinimumVisualStudioVersion = 10.0.40219.1
Project("{FAE04EC0-301F-11D3-BF4B-00C04F79EFBC}") = "Functions", "Functions\Functions.csproj", "{8FD1211C-53D3-436B-9EBE-ED6ED3AEF788}"
EndProject
Project("{FAE04EC0-301F-11D3-BF4B-00C04F79EFBC}") = "UserNameData", "UserNameData\UserNameData.csproj", "{D3737A9A-F730-4B96-BDAB-DAC28A250494}"
EndProject
Project("{FAE04EC0-301F-11D3-BF4B-00C04F79EFBC}") = "UserNameDataTask", "UserNameDataTask\UserNameDataTask.csproj", "{3E1606C9-0E44-4CDB-BCD1-1A2766EAF10A}"
EndProject
Global
	GlobalSection(SolutionConfigurationPlatforms) = preSolution
		Debug|Any CPU = Debug|Any CPU
		Release|Any CPU = Release|Any CPU
	EndGlobalSection
	GlobalSection(ProjectConfigurationPlatforms) = postSolution
		{8FD1211C-53D3-436B-9EBE-ED6ED3AEF788}.Debug|Any CPU.ActiveCfg = Debug|Any CPU
		{8FD1211C-53D3-436B-9EBE-ED6ED3AEF788}.Debug|Any CPU.Build.0 = Debug|Any CPU
		{8FD1211C-53D3-436B-9EBE-ED6ED3AEF788}.Release|Any CPU.ActiveCfg = Release|Any CPU
		{8FD1211C-53D3-436B-9EBE-ED6ED3AEF788}.Release|Any CPU.Build.0 = Release|Any CPU
		{D3737A9A-F730-4B96-BDAB-DAC28A250494}.Debug|Any CPU.ActiveCfg = Debug|Any CPU
		{D3737A9A-F730-4B96-BDAB-DAC28A250494}.Debug|Any CPU.Build.0 = Debug|Any CPU
		{D3737A9A-F730-4B96-BDAB-DAC28A250494}.Release|Any CPU.ActiveCfg = Release|Any CPU
		{D3737A9A-F730-4B96-BDAB-DAC28A250494}.Release|Any CPU.Build.0 = Release|Any CPU
		{3E1606C9-0E44-4CDB-BCD1-1A2766EAF10A}.Debug|Any CPU.ActiveCfg = Debug|Any CPU
		{3E1606C9-0E44-4CDB-BCD1-1A2766EAF10A}.Debug|Any CPU.Build.0 = Debug|Any CPU
		{3E1606C9-0E44-4CDB-BCD1-1A2766EAF10A}.Release|Any CPU.ActiveCfg = Release|Any CPU
		{3E1606C9-0E44-4CDB-BCD1-1A2766EAF10A}.Release|Any CPU.Build.0 = Release|Any CPU
	EndGlobalSection
	GlobalSection(SolutionProperties) = preSolution
		HideSolutionNode = FALSE
	EndGlobalSection
	GlobalSection(ExtensibilityGlobals) = postSolution
		SolutionGuid = {660F69E2-BF31-4A73-BEFD-F7A921BEACA5}
	EndGlobalSection
EndGlobal
